
Microsoft Visual Studio Solution File, Format Version 12.00
# Visual Studio Version 16
VisualStudioVersion = 16.0.30413.136
MinimumVisualStudioVersion = 10.0.40219.1
Project("{9A19103F-16F7-4668-BE54-9A1E7A4F7556}") = "LINEScratch", "LINEScratch\LINEScratch.csproj", "{2B7012D6-1991-4131-BCC8-DEDB18A427DD}"
EndProject
Global
	GlobalSection(SolutionConfigurationPlatforms) = preSolution
		Debug|Any CPU = Debug|Any CPU
		Release|Any CPU = Release|Any CPU
	EndGlobalSection
	GlobalSection(ProjectConfigurationPlatforms) = postSolution
		{2B7012D6-1991-4131-BCC8-DEDB18A427DD}.Debug|Any CPU.ActiveCfg = Debug|Any CPU
		{2B7012D6-1991-4131-BCC8-DEDB18A427DD}.Debug|Any CPU.Build.0 = Debug|Any CPU
		{2B7012D6-1991-4131-BCC8-DEDB18A427DD}.Release|Any CPU.ActiveCfg = Release|Any CPU
		{2B7012D6-1991-4131-BCC8-DEDB18A427DD}.Release|Any CPU.Build.0 = Release|Any CPU
	EndGlobalSection
	GlobalSection(SolutionProperties) = preSolution
		HideSolutionNode = FALSE
	EndGlobalSection
	GlobalSection(ExtensibilityGlobals) = postSolution
		SolutionGuid = {3CB851B9-60FE-49AF-B3F9-28C21437E788}
	EndGlobalSection
EndGlobal
